
Microsoft Visual Studio Solution File, Format Version 12.00
# Visual Studio Version 16
VisualStudioVersion = 16.0.31729.503
MinimumVisualStudioVersion = 10.0.40219.1
Project("{FAE04EC0-301F-11D3-BF4B-00C04F79EFBC}") = "WebApi2", "WebApi2.csproj", "{3966A8A4-07A5-4B99-B149-D7CB2AFFE01F}"
EndProject
Global
	GlobalSection(SolutionConfigurationPlatforms) = preSolution
		Debug|Any CPU = Debug|Any CPU
		Release|Any CPU = Release|Any CPU
	EndGlobalSection
	GlobalSection(ProjectConfigurationPlatforms) = postSolution
		{3966A8A4-07A5-4B99-B149-D7CB2AFFE01F}.Debug|Any CPU.ActiveCfg = Debug|Any CPU
		{3966A8A4-07A5-4B99-B149-D7CB2AFFE01F}.Debug|Any CPU.Build.0 = Debug|Any CPU
		{3966A8A4-07A5-4B99-B149-D7CB2AFFE01F}.Release|Any CPU.ActiveCfg = Release|Any CPU
		{3966A8A4-07A5-4B99-B149-D7CB2AFFE01F}.Release|Any CPU.Build.0 = Release|Any CPU
	EndGlobalSection
	GlobalSection(SolutionProperties) = preSolution
		HideSolutionNode = FALSE
	EndGlobalSection
	GlobalSection(ExtensibilityGlobals) = postSolution
		SolutionGuid = {618DE37E-D415-42F4-856C-3B868CF213D7}
	EndGlobalSection
EndGlobal
